{
  "originHash" : "59943a157bef986d3a2605d60532e77efcc007c2e3672e5649c83c12fdef0f76",
  "pins" : [
    {
      "identity" : "haishinkit.swift",
      "kind" : "remoteSourceControl",
      "location" : "https://github.com/shogo4405/HaishinKit.swift",
      "state" : {
        "revision" : "dc880cb540b8feeb98f64e8b7dcfaaf320b6b2bd",
        "version" : "2.2.5"
      }
    },
    {
      "identity" : "logboard",
      "kind" : "remoteSourceControl",
      "location" : "https://github.com/shogo4405/Logboard.git",
      "state" : {
        "revision" : "8f41c63afb903040b77049ee2efa8c257b8c0d50",
        "version" : "2.6.0"
      }
    },
    {
      "identity" : "zlphotobrowser",
      "kind" : "remoteSourceControl",
      "location" : "https://github.com/longitachi/ZLPhotoBrowser.git",
      "state" : {
        "revision" : "21360c8db53ed1d0f6382d661efee1a6258a01b7",
        "version" : "4.7.4"
      }
    }
  ],
  "version" : 3
}
